
Microsoft Visual Studio Solution File, Format Version 12.00
# Visual Studio Version 17
VisualStudioVersion = 17.5.33424.131
MinimumVisualStudioVersion = 10.0.40219.1
Project("{FAE04EC0-301F-11D3-BF4B-00C04F79EFBC}") = "cs0420", "cs0420\cs0420.csproj", "{DBD40CC2-0904-48FA-A2E8-FDB85A5B106B}"
EndProject
Global
	GlobalSection(SolutionConfigurationPlatforms) = preSolution
		Debug|Any CPU = Debug|Any CPU
		Release|Any CPU = Release|Any CPU
	EndGlobalSection
	GlobalSection(ProjectConfigurationPlatforms) = postSolution
		{DBD40CC2-0904-48FA-A2E8-FDB85A5B106B}.Debug|Any CPU.ActiveCfg = Debug|Any CPU
		{DBD40CC2-0904-48FA-A2E8-FDB85A5B106B}.Debug|Any CPU.Build.0 = Debug|Any CPU
		{DBD40CC2-0904-48FA-A2E8-FDB85A5B106B}.Release|Any CPU.ActiveCfg = Release|Any CPU
		{DBD40CC2-0904-48FA-A2E8-FDB85A5B106B}.Release|Any CPU.Build.0 = Release|Any CPU
	EndGlobalSection
	GlobalSection(SolutionProperties) = preSolution
		HideSolutionNode = FALSE
	EndGlobalSection
	GlobalSection(ExtensibilityGlobals) = postSolution
		SolutionGuid = {F62C8AB1-ABB8-4B8E-8CB6-0076DBCD7918}
	EndGlobalSection
EndGlobal
